PODS:
  - Braintree (4.14.0):
    - Braintree/Card (= 4.14.0)
    - Braintree/Core (= 4.14.0)
    - Braintree/PayPal (= 4.14.0)
    - Braintree/UI (= 4.14.0)
  - Braintree/Card (4.14.0):
    - Braintree/Core
  - Braintree/Core (4.14.0)
  - Braintree/PayPal (4.14.0):
    - Braintree/Core
    - Braintree/PayPalOneTouch
  - Braintree/PayPalDataCollector (4.14.0):
    - Braintree/Core
    - Braintree/PayPalUtils
  - Braintree/PayPalOneTouch (4.14.0):
    - Braintree/Core
    - Braintree/PayPalDataCollector
    - Braintree/PayPalUtils
  - Braintree/PayPalUtils (4.14.0)
  - Braintree/UI (4.14.0):
    - Braintree/Card
    - Braintree/Core

DEPENDENCIES:
  - Braintree

SPEC REPOS:
  https://github.com/CocoaPods/Specs.git:
    - Braintree

SPEC CHECKSUMS:
  Braintree: a538846b544c5785cb0040f86cc97079af74b950

PODFILE CHECKSUM: 7868160a9e116d5662fa5ff5e90d6b68f2197f8a

COCOAPODS: 1.5.0
